
Microsoft Visual Studio Solution File, Format Version 12.00
# Visual Studio Version 17
VisualStudioVersion = 17.0.31919.166
MinimumVisualStudioVersion = 10.0.40219.1
Project("{FAE04EC0-301F-11D3-BF4B-00C04F79EFBC}") = "Klassen", "Klassen\Klassen.csproj", "{1F528656-E6D8-42B5-B6B2-AFC75A90C368}"
EndProject
Project("{2150E333-8FDC-42A3-9474-1A3956D46DE8}") = "Themen", "Themen", "{02A540C0-11BA-4D26-9DDA-3E9012DF9414}"
EndProject
Project("{2150E333-8FDC-42A3-9474-1A3956D46DE8}") = "Beispiele", "Beispiele", "{592A7CA1-81DF-474C-A8FC-6874D85425FF}"
EndProject
Project("{FAE04EC0-301F-11D3-BF4B-00C04F79EFBC}") = "FensterBau", "FensterBau\FensterBau.csproj", "{E2B2AF76-8699-4055-9077-650843E6C9C2}"
EndProject
Project("{FAE04EC0-301F-11D3-BF4B-00C04F79EFBC}") = "Methoden", "Methoden\Methoden.csproj", "{1BD5B710-AB0E-4554-9108-3D9AE0E3837C}"
EndProject
Project("{FAE04EC0-301F-11D3-BF4B-00C04F79EFBC}") = "Heizungsanlage", "Heizungsanlage\Heizungsanlage.csproj", "{0AE73606-9696-4FAA-A191-DEB3645D3F08}"
EndProject
Global
	GlobalSection(SolutionConfigurationPlatforms) = preSolution
		Debug|Any CPU = Debug|Any CPU
		Release|Any CPU = Release|Any CPU
	EndGlobalSection
	GlobalSection(ProjectConfigurationPlatforms) = postSolution
		{1F528656-E6D8-42B5-B6B2-AFC75A90C368}.Debug|Any CPU.ActiveCfg = Debug|Any CPU
		{1F528656-E6D8-42B5-B6B2-AFC75A90C368}.Debug|Any CPU.Build.0 = Debug|Any CPU
		{1F528656-E6D8-42B5-B6B2-AFC75A90C368}.Release|Any CPU.ActiveCfg = Release|Any CPU
		{1F528656-E6D8-42B5-B6B2-AFC75A90C368}.Release|Any CPU.Build.0 = Release|Any CPU
		{E2B2AF76-8699-4055-9077-650843E6C9C2}.Debug|Any CPU.ActiveCfg = Debug|Any CPU
		{E2B2AF76-8699-4055-9077-650843E6C9C2}.Debug|Any CPU.Build.0 = Debug|Any CPU
		{E2B2AF76-8699-4055-9077-650843E6C9C2}.Release|Any CPU.ActiveCfg = Release|Any CPU
		{E2B2AF76-8699-4055-9077-650843E6C9C2}.Release|Any CPU.Build.0 = Release|Any CPU
		{1BD5B710-AB0E-4554-9108-3D9AE0E3837C}.Debug|Any CPU.ActiveCfg = Debug|Any CPU
		{1BD5B710-AB0E-4554-9108-3D9AE0E3837C}.Debug|Any CPU.Build.0 = Debug|Any CPU
		{1BD5B710-AB0E-4554-9108-3D9AE0E3837C}.Release|Any CPU.ActiveCfg = Release|Any CPU
		{1BD5B710-AB0E-4554-9108-3D9AE0E3837C}.Release|Any CPU.Build.0 = Release|Any CPU
		{0AE73606-9696-4FAA-A191-DEB3645D3F08}.Debug|Any CPU.ActiveCfg = Debug|Any CPU
		{0AE73606-9696-4FAA-A191-DEB3645D3F08}.Debug|Any CPU.Build.0 = Debug|Any CPU
		{0AE73606-9696-4FAA-A191-DEB3645D3F08}.Release|Any CPU.ActiveCfg = Release|Any CPU
		{0AE73606-9696-4FAA-A191-DEB3645D3F08}.Release|Any CPU.Build.0 = Release|Any CPU
	EndGlobalSection
	GlobalSection(SolutionProperties) = preSolution
		HideSolutionNode = FALSE
	EndGlobalSection
	GlobalSection(NestedProjects) = preSolution
		{1F528656-E6D8-42B5-B6B2-AFC75A90C368} = {02A540C0-11BA-4D26-9DDA-3E9012DF9414}
		{E2B2AF76-8699-4055-9077-650843E6C9C2} = {592A7CA1-81DF-474C-A8FC-6874D85425FF}
		{1BD5B710-AB0E-4554-9108-3D9AE0E3837C} = {02A540C0-11BA-4D26-9DDA-3E9012DF9414}
		{0AE73606-9696-4FAA-A191-DEB3645D3F08} = {592A7CA1-81DF-474C-A8FC-6874D85425FF}
	EndGlobalSection
	GlobalSection(ExtensibilityGlobals) = postSolution
		SolutionGuid = {75E2D41E-7134-4B60-BE43-67A81D9BC1E6}
	EndGlobalSection
EndGlobal
