
Microsoft Visual Studio Solution File, Format Version 12.00
# Visual Studio Version 17
VisualStudioVersion = 17.0.31919.166
MinimumVisualStudioVersion = 10.0.40219.1
Project("{9A19103F-16F7-4668-BE54-9A1E7A4F7556}") = "Klassen", "Klassen\Klassen.csproj", "{1F528656-E6D8-42B5-B6B2-AFC75A90C368}"
EndProject
Project("{2150E333-8FDC-42A3-9474-1A3956D46DE8}") = "Themen", "Themen", "{02A540C0-11BA-4D26-9DDA-3E9012DF9414}"
EndProject
Project("{2150E333-8FDC-42A3-9474-1A3956D46DE8}") = "Beispiele", "Beispiele", "{592A7CA1-81DF-474C-A8FC-6874D85425FF}"
EndProject
Project("{9A19103F-16F7-4668-BE54-9A1E7A4F7556}") = "FensterBau", "FensterBau\FensterBau.csproj", "{E2B2AF76-8699-4055-9077-650843E6C9C2}"
EndProject
Project("{9A19103F-16F7-4668-BE54-9A1E7A4F7556}") = "Methoden", "Methoden\Methoden.csproj", "{1BD5B710-AB0E-4554-9108-3D9AE0E3837C}"
EndProject
Project("{9A19103F-16F7-4668-BE54-9A1E7A4F7556}") = "Heizungsanlage", "Heizungsanlage\Heizungsanlage.csproj", "{0AE73606-9696-4FAA-A191-DEB3645D3F08}"
EndProject
Project("{9A19103F-16F7-4668-BE54-9A1E7A4F7556}") = "Wiederholung", "Wiederholung\Wiederholung.csproj", "{2689D6FE-76C6-483F-A3CC-0E2C594EE982}"
EndProject
Project("{2150E333-8FDC-42A3-9474-1A3956D46DE8}") = "Wiederholungen", "Wiederholungen", "{14BCE98C-18A7-46D8-8D16-7981D9BF5676}"
EndProject
Project("{9A19103F-16F7-4668-BE54-9A1E7A4F7556}") = "ObjektKonstruktion", "ObjektKonstruktion\ObjektKonstruktion.csproj", "{8C450486-B1A1-4877-ABF0-24F278EDA809}"
EndProject
Project("{9A19103F-16F7-4668-BE54-9A1E7A4F7556}") = "GetterSetterMethoden", "GetterSetterMethoden\GetterSetterMethoden.csproj", "{0E20373E-CBB0-4591-B3E8-E121ABD6A4F2}"
EndProject
Project("{2150E333-8FDC-42A3-9474-1A3956D46DE8}") = "Übungen", "Übungen", "{A46DE4C8-B617-4272-9307-AE81E3706135}"
EndProject
Project("{9A19103F-16F7-4668-BE54-9A1E7A4F7556}") = "Beispielklasse", "Beispielklasse\Beispielklasse.csproj", "{41D78951-5C95-4B4E-9820-ACC02DED7737}"
EndProject
Project("{9A19103F-16F7-4668-BE54-9A1E7A4F7556}") = "Vektor2DÜbung", "Vektor2DÜbung\Vektor2DÜbung.csproj", "{8C4B89C7-86D3-4CE9-8728-DE1A07C752E1}"
EndProject
Project("{9A19103F-16F7-4668-BE54-9A1E7A4F7556}") = "Farbraum", "Farbraum\Farbraum.csproj", "{C3CC69F0-AC2D-49A3-BF19-DED9B170982B}"
EndProject
Project("{9A19103F-16F7-4668-BE54-9A1E7A4F7556}") = "MeineErsteWindowsFormsApp", "MeineErsteWindowsFormsApp\MeineErsteWindowsFormsApp.csproj", "{DB3BC768-3E85-43FC-9571-F1887E34D9C9}"
EndProject
Project("{9A19103F-16F7-4668-BE54-9A1E7A4F7556}") = "ZahlenRaten", "ZahlenRaten\ZahlenRaten.csproj", "{A45B7881-4A45-48F6-8345-7D61978DEB95}"
EndProject
Project("{9A19103F-16F7-4668-BE54-9A1E7A4F7556}") = "Passwortabfrage", "Passwortabfrage\Passwortabfrage.csproj", "{25BD4FE3-CAC5-4A83-87D7-613EEBA9CDBB}"
EndProject
Project("{FAE04EC0-301F-11D3-BF4B-00C04F79EFBC}") = "Zeichenprogramm", "Zeichenprogramm\Zeichenprogramm.csproj", "{5065428F-400E-49DA-9249-BA3A8C7F2B3D}"
EndProject
Global
	GlobalSection(SolutionConfigurationPlatforms) = preSolution
		Debug|Any CPU = Debug|Any CPU
		Release|Any CPU = Release|Any CPU
	EndGlobalSection
	GlobalSection(ProjectConfigurationPlatforms) = postSolution
		{1F528656-E6D8-42B5-B6B2-AFC75A90C368}.Debug|Any CPU.ActiveCfg = Debug|Any CPU
		{1F528656-E6D8-42B5-B6B2-AFC75A90C368}.Debug|Any CPU.Build.0 = Debug|Any CPU
		{1F528656-E6D8-42B5-B6B2-AFC75A90C368}.Release|Any CPU.ActiveCfg = Release|Any CPU
		{1F528656-E6D8-42B5-B6B2-AFC75A90C368}.Release|Any CPU.Build.0 = Release|Any CPU
		{E2B2AF76-8699-4055-9077-650843E6C9C2}.Debug|Any CPU.ActiveCfg = Debug|Any CPU
		{E2B2AF76-8699-4055-9077-650843E6C9C2}.Debug|Any CPU.Build.0 = Debug|Any CPU
		{E2B2AF76-8699-4055-9077-650843E6C9C2}.Release|Any CPU.ActiveCfg = Release|Any CPU
		{E2B2AF76-8699-4055-9077-650843E6C9C2}.Release|Any CPU.Build.0 = Release|Any CPU
		{1BD5B710-AB0E-4554-9108-3D9AE0E3837C}.Debug|Any CPU.ActiveCfg = Debug|Any CPU
		{1BD5B710-AB0E-4554-9108-3D9AE0E3837C}.Debug|Any CPU.Build.0 = Debug|Any CPU
		{1BD5B710-AB0E-4554-9108-3D9AE0E3837C}.Release|Any CPU.ActiveCfg = Release|Any CPU
		{1BD5B710-AB0E-4554-9108-3D9AE0E3837C}.Release|Any CPU.Build.0 = Release|Any CPU
		{0AE73606-9696-4FAA-A191-DEB3645D3F08}.Debug|Any CPU.ActiveCfg = Debug|Any CPU
		{0AE73606-9696-4FAA-A191-DEB3645D3F08}.Debug|Any CPU.Build.0 = Debug|Any CPU
		{0AE73606-9696-4FAA-A191-DEB3645D3F08}.Release|Any CPU.ActiveCfg = Release|Any CPU
		{0AE73606-9696-4FAA-A191-DEB3645D3F08}.Release|Any CPU.Build.0 = Release|Any CPU
		{2689D6FE-76C6-483F-A3CC-0E2C594EE982}.Debug|Any CPU.ActiveCfg = Debug|Any CPU
		{2689D6FE-76C6-483F-A3CC-0E2C594EE982}.Debug|Any CPU.Build.0 = Debug|Any CPU
		{2689D6FE-76C6-483F-A3CC-0E2C594EE982}.Release|Any CPU.ActiveCfg = Release|Any CPU
		{2689D6FE-76C6-483F-A3CC-0E2C594EE982}.Release|Any CPU.Build.0 = Release|Any CPU
		{8C450486-B1A1-4877-ABF0-24F278EDA809}.Debug|Any CPU.ActiveCfg = Debug|Any CPU
		{8C450486-B1A1-4877-ABF0-24F278EDA809}.Debug|Any CPU.Build.0 = Debug|Any CPU
		{8C450486-B1A1-4877-ABF0-24F278EDA809}.Release|Any CPU.ActiveCfg = Release|Any CPU
		{8C450486-B1A1-4877-ABF0-24F278EDA809}.Release|Any CPU.Build.0 = Release|Any CPU
		{0E20373E-CBB0-4591-B3E8-E121ABD6A4F2}.Debug|Any CPU.ActiveCfg = Debug|Any CPU
		{0E20373E-CBB0-4591-B3E8-E121ABD6A4F2}.Debug|Any CPU.Build.0 = Debug|Any CPU
		{0E20373E-CBB0-4591-B3E8-E121ABD6A4F2}.Release|Any CPU.ActiveCfg = Release|Any CPU
		{0E20373E-CBB0-4591-B3E8-E121ABD6A4F2}.Release|Any CPU.Build.0 = Release|Any CPU
		{41D78951-5C95-4B4E-9820-ACC02DED7737}.Debug|Any CPU.ActiveCfg = Debug|Any CPU
		{41D78951-5C95-4B4E-9820-ACC02DED7737}.Debug|Any CPU.Build.0 = Debug|Any CPU
		{41D78951-5C95-4B4E-9820-ACC02DED7737}.Release|Any CPU.ActiveCfg = Release|Any CPU
		{41D78951-5C95-4B4E-9820-ACC02DED7737}.Release|Any CPU.Build.0 = Release|Any CPU
		{8C4B89C7-86D3-4CE9-8728-DE1A07C752E1}.Debug|Any CPU.ActiveCfg = Debug|Any CPU
		{8C4B89C7-86D3-4CE9-8728-DE1A07C752E1}.Debug|Any CPU.Build.0 = Debug|Any CPU
		{8C4B89C7-86D3-4CE9-8728-DE1A07C752E1}.Release|Any CPU.ActiveCfg = Release|Any CPU
		{8C4B89C7-86D3-4CE9-8728-DE1A07C752E1}.Release|Any CPU.Build.0 = Release|Any CPU
		{C3CC69F0-AC2D-49A3-BF19-DED9B170982B}.Debug|Any CPU.ActiveCfg = Debug|Any CPU
		{C3CC69F0-AC2D-49A3-BF19-DED9B170982B}.Debug|Any CPU.Build.0 = Debug|Any CPU
		{C3CC69F0-AC2D-49A3-BF19-DED9B170982B}.Release|Any CPU.ActiveCfg = Release|Any CPU
		{C3CC69F0-AC2D-49A3-BF19-DED9B170982B}.Release|Any CPU.Build.0 = Release|Any CPU
		{DB3BC768-3E85-43FC-9571-F1887E34D9C9}.Debug|Any CPU.ActiveCfg = Debug|Any CPU
		{DB3BC768-3E85-43FC-9571-F1887E34D9C9}.Debug|Any CPU.Build.0 = Debug|Any CPU
		{DB3BC768-3E85-43FC-9571-F1887E34D9C9}.Release|Any CPU.ActiveCfg = Release|Any CPU
		{DB3BC768-3E85-43FC-9571-F1887E34D9C9}.Release|Any CPU.Build.0 = Release|Any CPU
		{A45B7881-4A45-48F6-8345-7D61978DEB95}.Debug|Any CPU.ActiveCfg = Debug|Any CPU
		{A45B7881-4A45-48F6-8345-7D61978DEB95}.Debug|Any CPU.Build.0 = Debug|Any CPU
		{A45B7881-4A45-48F6-8345-7D61978DEB95}.Release|Any CPU.ActiveCfg = Release|Any CPU
		{A45B7881-4A45-48F6-8345-7D61978DEB95}.Release|Any CPU.Build.0 = Release|Any CPU
		{25BD4FE3-CAC5-4A83-87D7-613EEBA9CDBB}.Debug|Any CPU.ActiveCfg = Debug|Any CPU
		{25BD4FE3-CAC5-4A83-87D7-613EEBA9CDBB}.Debug|Any CPU.Build.0 = Debug|Any CPU
		{25BD4FE3-CAC5-4A83-87D7-613EEBA9CDBB}.Release|Any CPU.ActiveCfg = Release|Any CPU
		{25BD4FE3-CAC5-4A83-87D7-613EEBA9CDBB}.Release|Any CPU.Build.0 = Release|Any CPU
		{5065428F-400E-49DA-9249-BA3A8C7F2B3D}.Debug|Any CPU.ActiveCfg = Debug|Any CPU
		{5065428F-400E-49DA-9249-BA3A8C7F2B3D}.Debug|Any CPU.Build.0 = Debug|Any CPU
		{5065428F-400E-49DA-9249-BA3A8C7F2B3D}.Release|Any CPU.ActiveCfg = Release|Any CPU
		{5065428F-400E-49DA-9249-BA3A8C7F2B3D}.Release|Any CPU.Build.0 = Release|Any CPU
	EndGlobalSection
	GlobalSection(SolutionProperties) = preSolution
		HideSolutionNode = FALSE
	EndGlobalSection
	GlobalSection(NestedProjects) = preSolution
		{1F528656-E6D8-42B5-B6B2-AFC75A90C368} = {02A540C0-11BA-4D26-9DDA-3E9012DF9414}
		{E2B2AF76-8699-4055-9077-650843E6C9C2} = {592A7CA1-81DF-474C-A8FC-6874D85425FF}
		{1BD5B710-AB0E-4554-9108-3D9AE0E3837C} = {02A540C0-11BA-4D26-9DDA-3E9012DF9414}
		{0AE73606-9696-4FAA-A191-DEB3645D3F08} = {592A7CA1-81DF-474C-A8FC-6874D85425FF}
		{2689D6FE-76C6-483F-A3CC-0E2C594EE982} = {14BCE98C-18A7-46D8-8D16-7981D9BF5676}
		{8C450486-B1A1-4877-ABF0-24F278EDA809} = {02A540C0-11BA-4D26-9DDA-3E9012DF9414}
		{0E20373E-CBB0-4591-B3E8-E121ABD6A4F2} = {02A540C0-11BA-4D26-9DDA-3E9012DF9414}
		{41D78951-5C95-4B4E-9820-ACC02DED7737} = {A46DE4C8-B617-4272-9307-AE81E3706135}
		{8C4B89C7-86D3-4CE9-8728-DE1A07C752E1} = {A46DE4C8-B617-4272-9307-AE81E3706135}
		{C3CC69F0-AC2D-49A3-BF19-DED9B170982B} = {A46DE4C8-B617-4272-9307-AE81E3706135}
		{DB3BC768-3E85-43FC-9571-F1887E34D9C9} = {02A540C0-11BA-4D26-9DDA-3E9012DF9414}
		{A45B7881-4A45-48F6-8345-7D61978DEB95} = {592A7CA1-81DF-474C-A8FC-6874D85425FF}
		{25BD4FE3-CAC5-4A83-87D7-613EEBA9CDBB} = {A46DE4C8-B617-4272-9307-AE81E3706135}
		{5065428F-400E-49DA-9249-BA3A8C7F2B3D} = {592A7CA1-81DF-474C-A8FC-6874D85425FF}
	EndGlobalSection
	GlobalSection(ExtensibilityGlobals) = postSolution
		SolutionGuid = {75E2D41E-7134-4B60-BE43-67A81D9BC1E6}
	EndGlobalSection
EndGlobal
